
Microsoft Visual Studio Solution File, Format Version 12.00
# Visual Studio 2012
Project("{FAE04EC0-301F-11D3-BF4B-00C04F79EFBC}") = "SharpIMPP", "SharpIMPP\SharpIMPP.csproj", "{8542EB25-2820-4E90-9C64-72F88E82F36F}"
EndProject
Project("{FAE04EC0-301F-11D3-BF4B-00C04F79EFBC}") = "TestApp", "TestApp\TestApp.csproj", "{D325CBDA-6E30-4859-BFD7-459AE66EECEB}"
EndProject
Global
	GlobalSection(SolutionConfigurationPlatforms) = preSolution
		Debug|Any CPU = Debug|Any CPU
		Release|Any CPU = Release|Any CPU
	EndGlobalSection
	GlobalSection(ProjectConfigurationPlatforms) = postSolution
		{8542EB25-2820-4E90-9C64-72F88E82F36F}.Debug|Any CPU.ActiveCfg = Debug|Any CPU
		{8542EB25-2820-4E90-9C64-72F88E82F36F}.Debug|Any CPU.Build.0 = Debug|Any CPU
		{8542EB25-2820-4E90-9C64-72F88E82F36F}.Release|Any CPU.ActiveCfg = Release|Any CPU
		{8542EB25-2820-4E90-9C64-72F88E82F36F}.Release|Any CPU.Build.0 = Release|Any CPU
		{D325CBDA-6E30-4859-BFD7-459AE66EECEB}.Debug|Any CPU.ActiveCfg = Debug|Any CPU
		{D325CBDA-6E30-4859-BFD7-459AE66EECEB}.Debug|Any CPU.Build.0 = Debug|Any CPU
		{D325CBDA-6E30-4859-BFD7-459AE66EECEB}.Release|Any CPU.ActiveCfg = Release|Any CPU
		{D325CBDA-6E30-4859-BFD7-459AE66EECEB}.Release|Any CPU.Build.0 = Release|Any CPU
	EndGlobalSection
	GlobalSection(SolutionProperties) = preSolution
		HideSolutionNode = FALSE
	EndGlobalSection
EndGlobal
