
Microsoft Visual Studio Solution File, Format Version 12.00
# Visual Studio 2012
Project("{FAE04EC0-301F-11D3-BF4B-00C04F79EFBC}") = "SharpIMPP", "SharpIMPP\SharpIMPP.csproj", "{8542EB25-2820-4E90-9C64-72F88E82F36F}"
EndProject
Project("{FAE04EC0-301F-11D3-BF4B-00C04F79EFBC}") = "TestApp", "TestApp\TestApp.csproj", "{D325CBDA-6E30-4859-BFD7-459AE66EECEB}"
EndProject
Project("{FAE04EC0-301F-11D3-BF4B-00C04F79EFBC}") = "SharpIMPP.WinRT", "SharpIMPP\SharpIMPP.WinRT.csproj", "{C9F95567-B41C-48DD-9200-2E2260B632B6}"
EndProject
Project("{FAE04EC0-301F-11D3-BF4B-00C04F79EFBC}") = "TestApp.WinRT", "TestApp.WinRT\TestApp.WinRT.csproj", "{8A679B56-D4F0-4785-9383-1F1A3CBBE79A}"
EndProject
Project("{FAE04EC0-301F-11D3-BF4B-00C04F79EFBC}") = "SharpIMPP.WinPRT", "SharpIMPP\SharpIMPP.WinPRT.csproj", "{F8B584DA-2F8C-4646-8B1A-541A3BA1808D}"
EndProject
Project("{FAE04EC0-301F-11D3-BF4B-00C04F79EFBC}") = "TestApp.WinPRT", "TestApp.WinPRT\TestApp.WinPRT.csproj", "{27F27C7E-5E60-4FDB-9930-4A1EDF46F58E}"
EndProject
Global
	GlobalSection(SolutionConfigurationPlatforms) = preSolution
		Debug|Any CPU = Debug|Any CPU
		Debug|ARM = Debug|ARM
		Debug|x64 = Debug|x64
		Debug|x86 = Debug|x86
		Release|Any CPU = Release|Any CPU
		Release|ARM = Release|ARM
		Release|x64 = Release|x64
		Release|x86 = Release|x86
	EndGlobalSection
	GlobalSection(ProjectConfigurationPlatforms) = postSolution
		{8542EB25-2820-4E90-9C64-72F88E82F36F}.Debug|Any CPU.ActiveCfg = Debug|Any CPU
		{8542EB25-2820-4E90-9C64-72F88E82F36F}.Debug|Any CPU.Build.0 = Debug|Any CPU
		{8542EB25-2820-4E90-9C64-72F88E82F36F}.Debug|ARM.ActiveCfg = Debug|Any CPU
		{8542EB25-2820-4E90-9C64-72F88E82F36F}.Debug|x64.ActiveCfg = Debug|Any CPU
		{8542EB25-2820-4E90-9C64-72F88E82F36F}.Debug|x86.ActiveCfg = Debug|Any CPU
		{8542EB25-2820-4E90-9C64-72F88E82F36F}.Release|Any CPU.ActiveCfg = Release|Any CPU
		{8542EB25-2820-4E90-9C64-72F88E82F36F}.Release|Any CPU.Build.0 = Release|Any CPU
		{8542EB25-2820-4E90-9C64-72F88E82F36F}.Release|ARM.ActiveCfg = Release|Any CPU
		{8542EB25-2820-4E90-9C64-72F88E82F36F}.Release|x64.ActiveCfg = Release|Any CPU
		{8542EB25-2820-4E90-9C64-72F88E82F36F}.Release|x86.ActiveCfg = Release|Any CPU
		{D325CBDA-6E30-4859-BFD7-459AE66EECEB}.Debug|Any CPU.ActiveCfg = Debug|Any CPU
		{D325CBDA-6E30-4859-BFD7-459AE66EECEB}.Debug|Any CPU.Build.0 = Debug|Any CPU
		{D325CBDA-6E30-4859-BFD7-459AE66EECEB}.Debug|ARM.ActiveCfg = Debug|Any CPU
		{D325CBDA-6E30-4859-BFD7-459AE66EECEB}.Debug|x64.ActiveCfg = Debug|Any CPU
		{D325CBDA-6E30-4859-BFD7-459AE66EECEB}.Debug|x86.ActiveCfg = Debug|Any CPU
		{D325CBDA-6E30-4859-BFD7-459AE66EECEB}.Release|Any CPU.ActiveCfg = Release|Any CPU
		{D325CBDA-6E30-4859-BFD7-459AE66EECEB}.Release|Any CPU.Build.0 = Release|Any CPU
		{D325CBDA-6E30-4859-BFD7-459AE66EECEB}.Release|ARM.ActiveCfg = Release|Any CPU
		{D325CBDA-6E30-4859-BFD7-459AE66EECEB}.Release|x64.ActiveCfg = Release|Any CPU
		{D325CBDA-6E30-4859-BFD7-459AE66EECEB}.Release|x86.ActiveCfg = Release|Any CPU
		{C9F95567-B41C-48DD-9200-2E2260B632B6}.Debug|Any CPU.ActiveCfg = Debug|Any CPU
		{C9F95567-B41C-48DD-9200-2E2260B632B6}.Debug|Any CPU.Build.0 = Debug|Any CPU
		{C9F95567-B41C-48DD-9200-2E2260B632B6}.Debug|ARM.ActiveCfg = Debug|ARM
		{C9F95567-B41C-48DD-9200-2E2260B632B6}.Debug|ARM.Build.0 = Debug|ARM
		{C9F95567-B41C-48DD-9200-2E2260B632B6}.Debug|x64.ActiveCfg = Debug|x64
		{C9F95567-B41C-48DD-9200-2E2260B632B6}.Debug|x64.Build.0 = Debug|x64
		{C9F95567-B41C-48DD-9200-2E2260B632B6}.Debug|x86.ActiveCfg = Debug|x86
		{C9F95567-B41C-48DD-9200-2E2260B632B6}.Debug|x86.Build.0 = Debug|x86
		{C9F95567-B41C-48DD-9200-2E2260B632B6}.Release|Any CPU.ActiveCfg = Release|Any CPU
		{C9F95567-B41C-48DD-9200-2E2260B632B6}.Release|Any CPU.Build.0 = Release|Any CPU
		{C9F95567-B41C-48DD-9200-2E2260B632B6}.Release|ARM.ActiveCfg = Release|ARM
		{C9F95567-B41C-48DD-9200-2E2260B632B6}.Release|ARM.Build.0 = Release|ARM
		{C9F95567-B41C-48DD-9200-2E2260B632B6}.Release|x64.ActiveCfg = Release|x64
		{C9F95567-B41C-48DD-9200-2E2260B632B6}.Release|x64.Build.0 = Release|x64
		{C9F95567-B41C-48DD-9200-2E2260B632B6}.Release|x86.ActiveCfg = Release|x86
		{C9F95567-B41C-48DD-9200-2E2260B632B6}.Release|x86.Build.0 = Release|x86
		{8A679B56-D4F0-4785-9383-1F1A3CBBE79A}.Debug|Any CPU.ActiveCfg = Debug|Any CPU
		{8A679B56-D4F0-4785-9383-1F1A3CBBE79A}.Debug|Any CPU.Build.0 = Debug|Any CPU
		{8A679B56-D4F0-4785-9383-1F1A3CBBE79A}.Debug|Any CPU.Deploy.0 = Debug|Any CPU
		{8A679B56-D4F0-4785-9383-1F1A3CBBE79A}.Debug|ARM.ActiveCfg = Debug|ARM
		{8A679B56-D4F0-4785-9383-1F1A3CBBE79A}.Debug|ARM.Build.0 = Debug|ARM
		{8A679B56-D4F0-4785-9383-1F1A3CBBE79A}.Debug|ARM.Deploy.0 = Debug|ARM
		{8A679B56-D4F0-4785-9383-1F1A3CBBE79A}.Debug|x64.ActiveCfg = Debug|x64
		{8A679B56-D4F0-4785-9383-1F1A3CBBE79A}.Debug|x64.Build.0 = Debug|x64
		{8A679B56-D4F0-4785-9383-1F1A3CBBE79A}.Debug|x64.Deploy.0 = Debug|x64
		{8A679B56-D4F0-4785-9383-1F1A3CBBE79A}.Debug|x86.ActiveCfg = Debug|x86
		{8A679B56-D4F0-4785-9383-1F1A3CBBE79A}.Debug|x86.Build.0 = Debug|x86
		{8A679B56-D4F0-4785-9383-1F1A3CBBE79A}.Debug|x86.Deploy.0 = Debug|x86
		{8A679B56-D4F0-4785-9383-1F1A3CBBE79A}.Release|Any CPU.ActiveCfg = Release|Any CPU
		{8A679B56-D4F0-4785-9383-1F1A3CBBE79A}.Release|Any CPU.Build.0 = Release|Any CPU
		{8A679B56-D4F0-4785-9383-1F1A3CBBE79A}.Release|Any CPU.Deploy.0 = Release|Any CPU
		{8A679B56-D4F0-4785-9383-1F1A3CBBE79A}.Release|ARM.ActiveCfg = Release|ARM
		{8A679B56-D4F0-4785-9383-1F1A3CBBE79A}.Release|ARM.Build.0 = Release|ARM
		{8A679B56-D4F0-4785-9383-1F1A3CBBE79A}.Release|ARM.Deploy.0 = Release|ARM
		{8A679B56-D4F0-4785-9383-1F1A3CBBE79A}.Release|x64.ActiveCfg = Release|x64
		{8A679B56-D4F0-4785-9383-1F1A3CBBE79A}.Release|x64.Build.0 = Release|x64
		{8A679B56-D4F0-4785-9383-1F1A3CBBE79A}.Release|x64.Deploy.0 = Release|x64
		{8A679B56-D4F0-4785-9383-1F1A3CBBE79A}.Release|x86.ActiveCfg = Release|x86
		{8A679B56-D4F0-4785-9383-1F1A3CBBE79A}.Release|x86.Build.0 = Release|x86
		{8A679B56-D4F0-4785-9383-1F1A3CBBE79A}.Release|x86.Deploy.0 = Release|x86
		{F8B584DA-2F8C-4646-8B1A-541A3BA1808D}.Debug|Any CPU.ActiveCfg = Debug|Any CPU
		{F8B584DA-2F8C-4646-8B1A-541A3BA1808D}.Debug|Any CPU.Build.0 = Debug|Any CPU
		{F8B584DA-2F8C-4646-8B1A-541A3BA1808D}.Debug|ARM.ActiveCfg = Debug|ARM
		{F8B584DA-2F8C-4646-8B1A-541A3BA1808D}.Debug|ARM.Build.0 = Debug|ARM
		{F8B584DA-2F8C-4646-8B1A-541A3BA1808D}.Debug|x64.ActiveCfg = Debug|Any CPU
		{F8B584DA-2F8C-4646-8B1A-541A3BA1808D}.Debug|x86.ActiveCfg = Debug|x86
		{F8B584DA-2F8C-4646-8B1A-541A3BA1808D}.Debug|x86.Build.0 = Debug|x86
		{F8B584DA-2F8C-4646-8B1A-541A3BA1808D}.Release|Any CPU.ActiveCfg = Release|Any CPU
		{F8B584DA-2F8C-4646-8B1A-541A3BA1808D}.Release|Any CPU.Build.0 = Release|Any CPU
		{F8B584DA-2F8C-4646-8B1A-541A3BA1808D}.Release|ARM.ActiveCfg = Release|ARM
		{F8B584DA-2F8C-4646-8B1A-541A3BA1808D}.Release|ARM.Build.0 = Release|ARM
		{F8B584DA-2F8C-4646-8B1A-541A3BA1808D}.Release|x64.ActiveCfg = Release|Any CPU
		{F8B584DA-2F8C-4646-8B1A-541A3BA1808D}.Release|x86.ActiveCfg = Release|x86
		{F8B584DA-2F8C-4646-8B1A-541A3BA1808D}.Release|x86.Build.0 = Release|x86
		{27F27C7E-5E60-4FDB-9930-4A1EDF46F58E}.Debug|Any CPU.ActiveCfg = Debug|Any CPU
		{27F27C7E-5E60-4FDB-9930-4A1EDF46F58E}.Debug|Any CPU.Build.0 = Debug|Any CPU
		{27F27C7E-5E60-4FDB-9930-4A1EDF46F58E}.Debug|Any CPU.Deploy.0 = Debug|Any CPU
		{27F27C7E-5E60-4FDB-9930-4A1EDF46F58E}.Debug|ARM.ActiveCfg = Debug|ARM
		{27F27C7E-5E60-4FDB-9930-4A1EDF46F58E}.Debug|ARM.Build.0 = Debug|ARM
		{27F27C7E-5E60-4FDB-9930-4A1EDF46F58E}.Debug|ARM.Deploy.0 = Debug|ARM
		{27F27C7E-5E60-4FDB-9930-4A1EDF46F58E}.Debug|x64.ActiveCfg = Debug|Any CPU
		{27F27C7E-5E60-4FDB-9930-4A1EDF46F58E}.Debug|x86.ActiveCfg = Debug|x86
		{27F27C7E-5E60-4FDB-9930-4A1EDF46F58E}.Debug|x86.Build.0 = Debug|x86
		{27F27C7E-5E60-4FDB-9930-4A1EDF46F58E}.Debug|x86.Deploy.0 = Debug|x86
		{27F27C7E-5E60-4FDB-9930-4A1EDF46F58E}.Release|Any CPU.ActiveCfg = Release|Any CPU
		{27F27C7E-5E60-4FDB-9930-4A1EDF46F58E}.Release|Any CPU.Build.0 = Release|Any CPU
		{27F27C7E-5E60-4FDB-9930-4A1EDF46F58E}.Release|Any CPU.Deploy.0 = Release|Any CPU
		{27F27C7E-5E60-4FDB-9930-4A1EDF46F58E}.Release|ARM.ActiveCfg = Release|ARM
		{27F27C7E-5E60-4FDB-9930-4A1EDF46F58E}.Release|ARM.Build.0 = Release|ARM
		{27F27C7E-5E60-4FDB-9930-4A1EDF46F58E}.Release|ARM.Deploy.0 = Release|ARM
		{27F27C7E-5E60-4FDB-9930-4A1EDF46F58E}.Release|x64.ActiveCfg = Release|Any CPU
		{27F27C7E-5E60-4FDB-9930-4A1EDF46F58E}.Release|x86.ActiveCfg = Release|x86
		{27F27C7E-5E60-4FDB-9930-4A1EDF46F58E}.Release|x86.Build.0 = Release|x86
		{27F27C7E-5E60-4FDB-9930-4A1EDF46F58E}.Release|x86.Deploy.0 = Release|x86
	EndGlobalSection
	GlobalSection(SolutionProperties) = preSolution
		HideSolutionNode = FALSE
	EndGlobalSection
EndGlobal
